{
  "object": {
    "pins": [
      {
        "package": "FSCalendar",
        "repositoryURL": "https://github.com/WenchaoD/FSCalendar.git",
        "state": {
          "branch": null,
          "revision": "4e79a201fad268408a4fd9e2ef429497def9594f",
          "version": "2.8.2"
        }
      },
      {
        "package": "LightsDetection",
        "repositoryURL": "https://github.com/Revisadinho/LightSymbolsRecognition",
        "state": {
          "branch": null,
          "revision": "0f568e5fb87933f6ce8dbbf2dea3a7af631adb76",
          "version": "1.0.12"
        }
      }
    ]
  },
  "version": 1
}
