// !$*UTF8*$!
{
	archiveVersion = 1;
	classes = {
	};
	objectVersion = 52;
	objects = {

/* Begin PBXBuildFile section */
		6E0D80D527199E6600410B15 /* NotificationService.swift in Sources */ = {isa = PBXBuildFile; fileRef = 6E0D80D427199E6600410B15 /* NotificationService.swift */; };
		6E0FBB5E26F8A73C00C762B7 /* Model.xcdatamodeld in Sources */ = {isa = PBXBuildFile; fileRef = 6E0FBB5A26F8A73C00C762B7 /* Model.xcdatamodeld */; };
		6E0FBB5F26F8A73C00C762B7 /* MaintenanceItem.swift in Sources */ = {isa = PBXBuildFile; fileRef = 6E0FBB5C26F8A73C00C762B7 /* MaintenanceItem.swift */; };
		6E0FBB6026F8A73C00C762B7 /* Model.swift in Sources */ = {isa = PBXBuildFile; fileRef = 6E0FBB5D26F8A73C00C762B7 /* Model.swift */; };
		6E0FBB6626F8AA4C00C762B7 /* DatabaseController.swift in Sources */ = {isa = PBXBuildFile; fileRef = 6E0FBB6526F8AA4C00C762B7 /* DatabaseController.swift */; };
		6E0FBB6B26F8BDC800C762B7 /* MaintenanceDAO+CoreDataClass.swift in Sources */ = {isa = PBXBuildFile; fileRef = 6E0FBB6926F8BDC800C762B7 /* MaintenanceDAO+CoreDataClass.swift */; };
		6E0FBB6C26F8BDC800C762B7 /* MaintenanceDAO+CoreDataProperties.swift in Sources */ = {isa = PBXBuildFile; fileRef = 6E0FBB6A26F8BDC800C762B7 /* MaintenanceDAO+CoreDataProperties.swift */; };
		6E0FBB6E26F8C39900C762B7 /* Maintenance.swift in Sources */ = {isa = PBXBuildFile; fileRef = 6E0FBB6D26F8C39900C762B7 /* Maintenance.swift */; };
		6E0FBB7226F8CADA00C762B7 /* MaintenanceViewModelTests.swift in Sources */ = {isa = PBXBuildFile; fileRef = 6E0FBB7126F8CADA00C762B7 /* MaintenanceViewModelTests.swift */; };
		6E0FBB7426F8D04600C762B7 /* AddMaintenanceViewModelTests.swift in Sources */ = {isa = PBXBuildFile; fileRef = 6E0FBB7326F8D04600C762B7 /* AddMaintenanceViewModelTests.swift */; };
		6E16FC8C26F368DC0093C7D3 /* CoreDataTestStack.swift in Sources */ = {isa = PBXBuildFile; fileRef = 6E16FC8B26F368DC0093C7D3 /* CoreDataTestStack.swift */; };
		6E1BF43626F22D6000A424E7 /* ModelTests.swift in Sources */ = {isa = PBXBuildFile; fileRef = 6E1BF43526F22D6000A424E7 /* ModelTests.swift */; };
		6E299A6F26F9FB9600DF574B /* MaintenanceViewModel.swift in Sources */ = {isa = PBXBuildFile; fileRef = 6E299A6E26F9FB9600DF574B /* MaintenanceViewModel.swift */; };
		6E299A7026FA052300DF574B /* AppDelegate.swift in Sources */ = {isa = PBXBuildFile; fileRef = EFE12CDC26EF76E4005FB2B2 /* AppDelegate.swift */; };
		6E299A7126FA052A00DF574B /* SceneDelegate.swift in Sources */ = {isa = PBXBuildFile; fileRef = EFE12CDE26EF76E4005FB2B2 /* SceneDelegate.swift */; };
		734B18082726E61000FE6E74 /* Labels.swift in Sources */ = {isa = PBXBuildFile; fileRef = 734B18072726E61000FE6E74 /* Labels.swift */; };
		735A47782721A2A800DC7BF0 /* LightsContent.json in Resources */ = {isa = PBXBuildFile; fileRef = 735A47772721A2A800DC7BF0 /* LightsContent.json */; };
		735A477B2721A3F800DC7BF0 /* JsonModel.swift in Sources */ = {isa = PBXBuildFile; fileRef = 735A477A2721A3F800DC7BF0 /* JsonModel.swift */; };
		735A477E2721A70A00DC7BF0 /* JsonParser.swift in Sources */ = {isa = PBXBuildFile; fileRef = 735A477D2721A70A00DC7BF0 /* JsonParser.swift */; };
		7375AAC526EF7A6C006888B8 /* swiftlint.yml in Resources */ = {isa = PBXBuildFile; fileRef = 7375AAC426EF7A6C006888B8 /* swiftlint.yml */; };
		73A1355C26FA06D40010AC59 /* MaintenanceRouter.swift in Sources */ = {isa = PBXBuildFile; fileRef = 73A1355B26FA06D40010AC59 /* MaintenanceRouter.swift */; };
		73A1356026FA11C30010AC59 /* MainRouter.swift in Sources */ = {isa = PBXBuildFile; fileRef = 73A1355F26FA11C30010AC59 /* MainRouter.swift */; };
		73BF5315271705CA00C4951E /* TabBarController.swift in Sources */ = {isa = PBXBuildFile; fileRef = 73BF5314271705CA00C4951E /* TabBarController.swift */; };
		73CF4CB7271DAF13002E00FA /* LightsViewController.swift in Sources */ = {isa = PBXBuildFile; fileRef = 73CF4CB6271DAF13002E00FA /* LightsViewController.swift */; };
		73CF4CB9271DAFA2002E00FA /* LightsViewModel.swift in Sources */ = {isa = PBXBuildFile; fileRef = 73CF4CB8271DAFA2002E00FA /* LightsViewModel.swift */; };
		73CF4CBB271DB1E8002E00FA /* LightsRouter.swift in Sources */ = {isa = PBXBuildFile; fileRef = 73CF4CBA271DB1E8002E00FA /* LightsRouter.swift */; };
		73CF4CBD271DB77D002E00FA /* LightsView.swift in Sources */ = {isa = PBXBuildFile; fileRef = 73CF4CBC271DB77D002E00FA /* LightsView.swift */; };
		73CF4CC1271EEFB3002E00FA /* LightTableViewCell.swift in Sources */ = {isa = PBXBuildFile; fileRef = 73CF4CC0271EEFB3002E00FA /* LightTableViewCell.swift */; };
		73ED397C26F0C9570030CF52 /* Quicksand-VariableFont_wght.ttf in Resources */ = {isa = PBXBuildFile; fileRef = 73ED397B26F0C9410030CF52 /* Quicksand-VariableFont_wght.ttf */; };
		D85EF6E026F8B40C00AC5617 /* FSCalendar in Frameworks */ = {isa = PBXBuildFile; productRef = D85EF6DF26F8B40C00AC5617 /* FSCalendar */; };
		D8637FB626F0D68800B5F64F /* AddMaintenceViewController.swift in Sources */ = {isa = PBXBuildFile; fileRef = D8637FB526F0D68800B5F64F /* AddMaintenceViewController.swift */; };
		D8637FB826F0D6BD00B5F64F /* AddMaintenceView.swift in Sources */ = {isa = PBXBuildFile; fileRef = D8637FB726F0D6BD00B5F64F /* AddMaintenceView.swift */; };
		D8637FBA26F0D6DE00B5F64F /* AddMaintenceViewModel.swift in Sources */ = {isa = PBXBuildFile; fileRef = D8637FB926F0D6DE00B5F64F /* AddMaintenceViewModel.swift */; };
		D8637FBC26F0DB4400B5F64F /* CustomTextField.swift in Sources */ = {isa = PBXBuildFile; fileRef = D8637FBB26F0DB4400B5F64F /* CustomTextField.swift */; };
		D8637FBE26F0E85E00B5F64F /* CustomLabel.swift in Sources */ = {isa = PBXBuildFile; fileRef = D8637FBD26F0E85E00B5F64F /* CustomLabel.swift */; };
		D87B793126F3748A00D51642 /* CustomButton.swift in Sources */ = {isa = PBXBuildFile; fileRef = D87B793026F3748A00D51642 /* CustomButton.swift */; };
		D88D990B26FB7A4200C68F63 /* Errors.swift in Sources */ = {isa = PBXBuildFile; fileRef = D88D990A26FB7A4200C68F63 /* Errors.swift */; };
		D8A734CA26F215BE00A4D799 /* Quicksand-Bold.ttf in Resources */ = {isa = PBXBuildFile; fileRef = D8A734C526F215BE00A4D799 /* Quicksand-Bold.ttf */; };
		D8A734CB26F215BE00A4D799 /* Quicksand-Light.ttf in Resources */ = {isa = PBXBuildFile; fileRef = D8A734C626F215BE00A4D799 /* Quicksand-Light.ttf */; };
		D8A734CC26F215BE00A4D799 /* Quicksand-Regular.ttf in Resources */ = {isa = PBXBuildFile; fileRef = D8A734C726F215BE00A4D799 /* Quicksand-Regular.ttf */; };
		D8A734CD26F215BE00A4D799 /* Quicksand-SemiBold.ttf in Resources */ = {isa = PBXBuildFile; fileRef = D8A734C826F215BE00A4D799 /* Quicksand-SemiBold.ttf */; };
		D8A734CE26F215BE00A4D799 /* Quicksand-Medium.ttf in Resources */ = {isa = PBXBuildFile; fileRef = D8A734C926F215BE00A4D799 /* Quicksand-Medium.ttf */; };
		D8A734D026F22C9B00A4D799 /* ServicesCollectionViewCell.swift in Sources */ = {isa = PBXBuildFile; fileRef = D8A734CF26F22C9B00A4D799 /* ServicesCollectionViewCell.swift */; };
		D8D35B9626F3802B00CFEF65 /* BottomSheetView.swift in Sources */ = {isa = PBXBuildFile; fileRef = D8D35B9526F3802B00CFEF65 /* BottomSheetView.swift */; };
		D8D35B9826F3808800CFEF65 /* BottomSheetViewController.swift in Sources */ = {isa = PBXBuildFile; fileRef = D8D35B9726F3808800CFEF65 /* BottomSheetViewController.swift */; };
		D8DAA96F27298C67005B0586 /* LightsDetection in Frameworks */ = {isa = PBXBuildFile; productRef = D8DAA96E27298C67005B0586 /* LightsDetection */; };
		EF3D7FDB26F0D2A500DC01CA /* Color.swift in Sources */ = {isa = PBXBuildFile; fileRef = EF3D7FDA26F0D2A500DC01CA /* Color.swift */; };
		EF3D7FDD26F0DA5900DC01CA /* MaintenanceView.swift in Sources */ = {isa = PBXBuildFile; fileRef = EF3D7FDC26F0DA5900DC01CA /* MaintenanceView.swift */; };
		EF3D7FDF26F0DC9500DC01CA /* DateComponent.swift in Sources */ = {isa = PBXBuildFile; fileRef = EF3D7FDE26F0DC9500DC01CA /* DateComponent.swift */; };
		EF3D7FE326F21B9D00DC01CA /* DateComponentController.swift in Sources */ = {isa = PBXBuildFile; fileRef = EF3D7FE226F21B9D00DC01CA /* DateComponentController.swift */; };
		EF3D7FE526F239CF00DC01CA /* MaintenanceTableViewCell.swift in Sources */ = {isa = PBXBuildFile; fileRef = EF3D7FE426F239CF00DC01CA /* MaintenanceTableViewCell.swift */; };
		EF3D7FE926F3728F00DC01CA /* MaintenanceCollectionViewCell.swift in Sources */ = {isa = PBXBuildFile; fileRef = EF3D7FE826F3728F00DC01CA /* MaintenanceCollectionViewCell.swift */; };
		EF3D7FED26F8C9DD00DC01CA /* DateModel.swift in Sources */ = {isa = PBXBuildFile; fileRef = EF3D7FEC26F8C9DD00DC01CA /* DateModel.swift */; };
		EF3D7FEF26FA02C500DC01CA /* DateComponentControllerTests.swift in Sources */ = {isa = PBXBuildFile; fileRef = EF3D7FEE26FA02C500DC01CA /* DateComponentControllerTests.swift */; };
		EF3D7FF126FA046300DC01CA /* ModalView.swift in Sources */ = {isa = PBXBuildFile; fileRef = EF3D7FF026FA046300DC01CA /* ModalView.swift */; };
		EF3D7FF326FA06FD00DC01CA /* ModalViewController.swift in Sources */ = {isa = PBXBuildFile; fileRef = EF3D7FF226FA06FD00DC01CA /* ModalViewController.swift */; };
		EF3D7FF526FB4AA500DC01CA /* DateModelTests.swift in Sources */ = {isa = PBXBuildFile; fileRef = EF3D7FF426FB4AA500DC01CA /* DateModelTests.swift */; };
		EF3D7FF726FB4DF000DC01CA /* MaintenanceViewControllerTests.swift in Sources */ = {isa = PBXBuildFile; fileRef = EF3D7FF626FB4DF000DC01CA /* MaintenanceViewControllerTests.swift */; };
		EFE12CE126EF76E4005FB2B2 /* MaintenanceViewController.swift in Sources */ = {isa = PBXBuildFile; fileRef = EFE12CE026EF76E4005FB2B2 /* MaintenanceViewController.swift */; };
		EFE12CE626EF76E4005FB2B2 /* Assets.xcassets in Resources */ = {isa = PBXBuildFile; fileRef = EFE12CE526EF76E4005FB2B2 /* Assets.xcassets */; };
		EFE12CE926EF76E4005FB2B2 /* LaunchScreen.storyboard in Resources */ = {isa = PBXBuildFile; fileRef = EFE12CE726EF76E4005FB2B2 /* LaunchScreen.storyboard */; };
		EFE12CF426EF76E5005FB2B2 /* RevisadinhoTests.swift in Sources */ = {isa = PBXBuildFile; fileRef = EFE12CF326EF76E5005FB2B2 /* RevisadinhoTests.swift */; };
		EFE12CFF26EF76E5005FB2B2 /* RevisadinhoUITests.swift in Sources */ = {isa = PBXBuildFile; fileRef = EFE12CFE26EF76E5005FB2B2 /* RevisadinhoUITests.swift */; };
/* End PBXBuildFile section */

/* Begin PBXContainerItemProxy section */
		EFE12CF026EF76E5005FB2B2 /* PBXContainerItemProxy */ = {
			isa = PBXContainerItemProxy;
			containerPortal = EFE12CD126EF76E4005FB2B2 /* Project object */;
			proxyType = 1;
			remoteGlobalIDString = EFE12CD826EF76E4005FB2B2;
			remoteInfo = Revisadinho;
		};
		EFE12CFB26EF76E5005FB2B2 /* PBXContainerItemProxy */ = {
			isa = PBXContainerItemProxy;
			containerPortal = EFE12CD126EF76E4005FB2B2 /* Project object */;
			proxyType = 1;
			remoteGlobalIDString = EFE12CD826EF76E4005FB2B2;
			remoteInfo = Revisadinho;
		};
/* End PBXContainerItemProxy section */

/* Begin PBXFileReference section */
		6E0D80D427199E6600410B15 /* NotificationService.swift */ = {isa = PBXFileReference; lastKnownFileType = sourcecode.swift; path = NotificationService.swift; sourceTree = "<group>"; };
		6E0FBB5B26F8A73C00C762B7 /* Model.xcdatamodel */ = {isa = PBXFileReference; lastKnownFileType = wrapper.xcdatamodel; path = Model.xcdatamodel; sourceTree = "<group>"; };
		6E0FBB5C26F8A73C00C762B7 /* MaintenanceItem.swift */ = {isa = PBXFileReference; fileEncoding = 4; lastKnownFileType = sourcecode.swift; path = MaintenanceItem.swift; sourceTree = "<group>"; };
		6E0FBB5D26F8A73C00C762B7 /* Model.swift */ = {isa = PBXFileReference; fileEncoding = 4; lastKnownFileType = sourcecode.swift; path = Model.swift; sourceTree = "<group>"; };
		6E0FBB6526F8AA4C00C762B7 /* DatabaseController.swift */ = {isa = PBXFileReference; lastKnownFileType = sourcecode.swift; path = DatabaseController.swift; sourceTree = "<group>"; };
		6E0FBB6926F8BDC800C762B7 /* MaintenanceDAO+CoreDataClass.swift */ = {isa = PBXFileReference; lastKnownFileType = sourcecode.swift; path = "MaintenanceDAO+CoreDataClass.swift"; sourceTree = "<group>"; };
		6E0FBB6A26F8BDC800C762B7 /* MaintenanceDAO+CoreDataProperties.swift */ = {isa = PBXFileReference; lastKnownFileType = sourcecode.swift; path = "MaintenanceDAO+CoreDataProperties.swift"; sourceTree = "<group>"; };
		6E0FBB6D26F8C39900C762B7 /* Maintenance.swift */ = {isa = PBXFileReference; lastKnownFileType = sourcecode.swift; path = Maintenance.swift; sourceTree = "<group>"; };
		6E0FBB7126F8CADA00C762B7 /* MaintenanceViewModelTests.swift */ = {isa = PBXFileReference; lastKnownFileType = sourcecode.swift; path = MaintenanceViewModelTests.swift; sourceTree = "<group>"; };
		6E0FBB7326F8D04600C762B7 /* AddMaintenanceViewModelTests.swift */ = {isa = PBXFileReference; lastKnownFileType = sourcecode.swift; path = AddMaintenanceViewModelTests.swift; sourceTree = "<group>"; };
		6E16FC8B26F368DC0093C7D3 /* CoreDataTestStack.swift */ = {isa = PBXFileReference; lastKnownFileType = sourcecode.swift; path = CoreDataTestStack.swift; sourceTree = "<group>"; };
		6E1BF43126F2205600A424E7 /* Maintenance+CoreDataClass.swift */ = {isa = PBXFileReference; lastKnownFileType = sourcecode.swift; path = "Maintenance+CoreDataClass.swift"; sourceTree = "<group>"; };
		6E1BF43226F2205600A424E7 /* Maintenance+CoreDataProperties.swift */ = {isa = PBXFileReference; lastKnownFileType = sourcecode.swift; path = "Maintenance+CoreDataProperties.swift"; sourceTree = "<group>"; };
		6E1BF43526F22D6000A424E7 /* ModelTests.swift */ = {isa = PBXFileReference; lastKnownFileType = sourcecode.swift; path = ModelTests.swift; sourceTree = "<group>"; };
		6E299A6E26F9FB9600DF574B /* MaintenanceViewModel.swift */ = {isa = PBXFileReference; lastKnownFileType = sourcecode.swift; path = MaintenanceViewModel.swift; sourceTree = "<group>"; };
		6EE2083A26F0CEED007889EF /* Model.swift */ = {isa = PBXFileReference; lastKnownFileType = sourcecode.swift; path = Model.swift; sourceTree = "<group>"; };
		6EE2083C26F0D18A007889EF /* DatabaseController.swift */ = {isa = PBXFileReference; lastKnownFileType = sourcecode.swift; path = DatabaseController.swift; sourceTree = "<group>"; };
		6EE2083E26F0DBFA007889EF /* MaintenanceItem.swift */ = {isa = PBXFileReference; lastKnownFileType = sourcecode.swift; path = MaintenanceItem.swift; sourceTree = "<group>"; };
		6EE2084126F0DE17007889EF /* Model.xcdatamodel */ = {isa = PBXFileReference; lastKnownFileType = wrapper.xcdatamodel; path = Model.xcdatamodel; sourceTree = "<group>"; };
		734B18072726E61000FE6E74 /* Labels.swift */ = {isa = PBXFileReference; lastKnownFileType = sourcecode.swift; path = Labels.swift; sourceTree = "<group>"; };
		735A47772721A2A800DC7BF0 /* LightsContent.json */ = {isa = PBXFileReference; lastKnownFileType = text.json; path = LightsContent.json; sourceTree = "<group>"; };
		735A477A2721A3F800DC7BF0 /* JsonModel.swift */ = {isa = PBXFileReference; lastKnownFileType = sourcecode.swift; path = JsonModel.swift; sourceTree = "<group>"; };
		735A477D2721A70A00DC7BF0 /* JsonParser.swift */ = {isa = PBXFileReference; lastKnownFileType = sourcecode.swift; path = JsonParser.swift; sourceTree = "<group>"; };
		7375AAC426EF7A6C006888B8 /* swiftlint.yml */ = {isa = PBXFileReference; lastKnownFileType = text.yaml; path = swiftlint.yml; sourceTree = "<group>"; };
		73A1355B26FA06D40010AC59 /* MaintenanceRouter.swift */ = {isa = PBXFileReference; lastKnownFileType = sourcecode.swift; path = MaintenanceRouter.swift; sourceTree = "<group>"; };
		73A1355F26FA11C30010AC59 /* MainRouter.swift */ = {isa = PBXFileReference; lastKnownFileType = sourcecode.swift; path = MainRouter.swift; sourceTree = "<group>"; };
		73BF5314271705CA00C4951E /* TabBarController.swift */ = {isa = PBXFileReference; lastKnownFileType = sourcecode.swift; path = TabBarController.swift; sourceTree = "<group>"; };
		73CF4CB6271DAF13002E00FA /* LightsViewController.swift */ = {isa = PBXFileReference; lastKnownFileType = sourcecode.swift; path = LightsViewController.swift; sourceTree = "<group>"; };
		73CF4CB8271DAFA2002E00FA /* LightsViewModel.swift */ = {isa = PBXFileReference; lastKnownFileType = sourcecode.swift; path = LightsViewModel.swift; sourceTree = "<group>"; };
		73CF4CBA271DB1E8002E00FA /* LightsRouter.swift */ = {isa = PBXFileReference; lastKnownFileType = sourcecode.swift; path = LightsRouter.swift; sourceTree = "<group>"; };
		73CF4CBC271DB77D002E00FA /* LightsView.swift */ = {isa = PBXFileReference; lastKnownFileType = sourcecode.swift; path = LightsView.swift; sourceTree = "<group>"; };
		73CF4CC0271EEFB3002E00FA /* LightTableViewCell.swift */ = {isa = PBXFileReference; lastKnownFileType = sourcecode.swift; path = LightTableViewCell.swift; sourceTree = "<group>"; };
		73ED397B26F0C9410030CF52 /* Quicksand-VariableFont_wght.ttf */ = {isa = PBXFileReference; lastKnownFileType = file; path = "Quicksand-VariableFont_wght.ttf"; sourceTree = "<group>"; };
		D8637FB526F0D68800B5F64F /* AddMaintenceViewController.swift */ = {isa = PBXFileReference; lastKnownFileType = sourcecode.swift; path = AddMaintenceViewController.swift; sourceTree = "<group>"; };
		D8637FB726F0D6BD00B5F64F /* AddMaintenceView.swift */ = {isa = PBXFileReference; lastKnownFileType = sourcecode.swift; path = AddMaintenceView.swift; sourceTree = "<group>"; };
		D8637FB926F0D6DE00B5F64F /* AddMaintenceViewModel.swift */ = {isa = PBXFileReference; lastKnownFileType = sourcecode.swift; path = AddMaintenceViewModel.swift; sourceTree = "<group>"; };
		D8637FBB26F0DB4400B5F64F /* CustomTextField.swift */ = {isa = PBXFileReference; lastKnownFileType = sourcecode.swift; path = CustomTextField.swift; sourceTree = "<group>"; };
		D8637FBD26F0E85E00B5F64F /* CustomLabel.swift */ = {isa = PBXFileReference; lastKnownFileType = sourcecode.swift; path = CustomLabel.swift; sourceTree = "<group>"; };
		D87B793026F3748A00D51642 /* CustomButton.swift */ = {isa = PBXFileReference; lastKnownFileType = sourcecode.swift; path = CustomButton.swift; sourceTree = "<group>"; };
		D88D990A26FB7A4200C68F63 /* Errors.swift */ = {isa = PBXFileReference; lastKnownFileType = sourcecode.swift; path = Errors.swift; sourceTree = "<group>"; };
		D8A734C526F215BE00A4D799 /* Quicksand-Bold.ttf */ = {isa = PBXFileReference; lastKnownFileType = file; path = "Quicksand-Bold.ttf"; sourceTree = "<group>"; };
		D8A734C626F215BE00A4D799 /* Quicksand-Light.ttf */ = {isa = PBXFileReference; lastKnownFileType = file; path = "Quicksand-Light.ttf"; sourceTree = "<group>"; };
		D8A734C726F215BE00A4D799 /* Quicksand-Regular.ttf */ = {isa = PBXFileReference; lastKnownFileType = file; path = "Quicksand-Regular.ttf"; sourceTree = "<group>"; };
		D8A734C826F215BE00A4D799 /* Quicksand-SemiBold.ttf */ = {isa = PBXFileReference; lastKnownFileType = file; path = "Quicksand-SemiBold.ttf"; sourceTree = "<group>"; };
		D8A734C926F215BE00A4D799 /* Quicksand-Medium.ttf */ = {isa = PBXFileReference; lastKnownFileType = file; path = "Quicksand-Medium.ttf"; sourceTree = "<group>"; };
		D8A734CF26F22C9B00A4D799 /* ServicesCollectionViewCell.swift */ = {isa = PBXFileReference; lastKnownFileType = sourcecode.swift; path = ServicesCollectionViewCell.swift; sourceTree = "<group>"; };
		D8D35B9526F3802B00CFEF65 /* BottomSheetView.swift */ = {isa = PBXFileReference; lastKnownFileType = sourcecode.swift; path = BottomSheetView.swift; sourceTree = "<group>"; };
		D8D35B9726F3808800CFEF65 /* BottomSheetViewController.swift */ = {isa = PBXFileReference; lastKnownFileType = sourcecode.swift; path = BottomSheetViewController.swift; sourceTree = "<group>"; };
		EF3D7FDA26F0D2A500DC01CA /* Color.swift */ = {isa = PBXFileReference; lastKnownFileType = sourcecode.swift; path = Color.swift; sourceTree = "<group>"; };
		EF3D7FDC26F0DA5900DC01CA /* MaintenanceView.swift */ = {isa = PBXFileReference; lastKnownFileType = sourcecode.swift; path = MaintenanceView.swift; sourceTree = "<group>"; };
		EF3D7FDE26F0DC9500DC01CA /* DateComponent.swift */ = {isa = PBXFileReference; lastKnownFileType = sourcecode.swift; path = DateComponent.swift; sourceTree = "<group>"; };
		EF3D7FE226F21B9D00DC01CA /* DateComponentController.swift */ = {isa = PBXFileReference; lastKnownFileType = sourcecode.swift; path = DateComponentController.swift; sourceTree = "<group>"; };
		EF3D7FE426F239CF00DC01CA /* MaintenanceTableViewCell.swift */ = {isa = PBXFileReference; lastKnownFileType = sourcecode.swift; path = MaintenanceTableViewCell.swift; sourceTree = "<group>"; };
		EF3D7FE826F3728F00DC01CA /* MaintenanceCollectionViewCell.swift */ = {isa = PBXFileReference; lastKnownFileType = sourcecode.swift; path = MaintenanceCollectionViewCell.swift; sourceTree = "<group>"; };
		EF3D7FEC26F8C9DD00DC01CA /* DateModel.swift */ = {isa = PBXFileReference; lastKnownFileType = sourcecode.swift; path = DateModel.swift; sourceTree = "<group>"; };
		EF3D7FEE26FA02C500DC01CA /* DateComponentControllerTests.swift */ = {isa = PBXFileReference; lastKnownFileType = sourcecode.swift; path = DateComponentControllerTests.swift; sourceTree = "<group>"; };
		EF3D7FF026FA046300DC01CA /* ModalView.swift */ = {isa = PBXFileReference; lastKnownFileType = sourcecode.swift; path = ModalView.swift; sourceTree = "<group>"; };
		EF3D7FF226FA06FD00DC01CA /* ModalViewController.swift */ = {isa = PBXFileReference; lastKnownFileType = sourcecode.swift; path = ModalViewController.swift; sourceTree = "<group>"; };
		EF3D7FF426FB4AA500DC01CA /* DateModelTests.swift */ = {isa = PBXFileReference; lastKnownFileType = sourcecode.swift; path = DateModelTests.swift; sourceTree = "<group>"; };
		EF3D7FF626FB4DF000DC01CA /* MaintenanceViewControllerTests.swift */ = {isa = PBXFileReference; lastKnownFileType = sourcecode.swift; path = MaintenanceViewControllerTests.swift; sourceTree = "<group>"; };
		EFE12CD926EF76E4005FB2B2 /* Revisadinho.app */ = {isa = PBXFileReference; explicitFileType = wrapper.application; includeInIndex = 0; path = Revisadinho.app; sourceTree = BUILT_PRODUCTS_DIR; };
		EFE12CDC26EF76E4005FB2B2 /* AppDelegate.swift */ = {isa = PBXFileReference; lastKnownFileType = sourcecode.swift; path = AppDelegate.swift; sourceTree = "<group>"; };
		EFE12CDE26EF76E4005FB2B2 /* SceneDelegate.swift */ = {isa = PBXFileReference; lastKnownFileType = sourcecode.swift; path = SceneDelegate.swift; sourceTree = "<group>"; };
		EFE12CE026EF76E4005FB2B2 /* MaintenanceViewController.swift */ = {isa = PBXFileReference; lastKnownFileType = sourcecode.swift; path = MaintenanceViewController.swift; sourceTree = "<group>"; };
		EFE12CE526EF76E4005FB2B2 /* Assets.xcassets */ = {isa = PBXFileReference; lastKnownFileType = folder.assetcatalog; path = Assets.xcassets; sourceTree = "<group>"; };
		EFE12CE826EF76E4005FB2B2 /* Base */ = {isa = PBXFileReference; lastKnownFileType = file.storyboard; name = Base; path = Base.lproj/LaunchScreen.storyboard; sourceTree = "<group>"; };
		EFE12CEA26EF76E4005FB2B2 /* Info.plist */ = {isa = PBXFileReference; lastKnownFileType = text.plist.xml; path = Info.plist; sourceTree = "<group>"; };
		EFE12CEF26EF76E5005FB2B2 /* RevisadinhoTests.xctest */ = {isa = PBXFileReference; explicitFileType = wrapper.cfbundle; includeInIndex = 0; path = RevisadinhoTests.xctest; sourceTree = BUILT_PRODUCTS_DIR; };
		EFE12CF326EF76E5005FB2B2 /* RevisadinhoTests.swift */ = {isa = PBXFileReference; lastKnownFileType = sourcecode.swift; path = RevisadinhoTests.swift; sourceTree = "<group>"; };
		EFE12CF526EF76E5005FB2B2 /* Info.plist */ = {isa = PBXFileReference; lastKnownFileType = text.plist.xml; path = Info.plist; sourceTree = "<group>"; };
		EFE12CFA26EF76E5005FB2B2 /* RevisadinhoUITests.xctest */ = {isa = PBXFileReference; explicitFileType = wrapper.cfbundle; includeInIndex = 0; path = RevisadinhoUITests.xctest; sourceTree = BUILT_PRODUCTS_DIR; };
		EFE12CFE26EF76E5005FB2B2 /* RevisadinhoUITests.swift */ = {isa = PBXFileReference; lastKnownFileType = sourcecode.swift; path = RevisadinhoUITests.swift; sourceTree = "<group>"; };
		EFE12D0026EF76E5005FB2B2 /* Info.plist */ = {isa = PBXFileReference; lastKnownFileType = text.plist.xml; path = Info.plist; sourceTree = "<group>"; };
/* End PBXFileReference section */

/* Begin PBXFrameworksBuildPhase section */
		EFE12CD626EF76E4005FB2B2 /* Frameworks */ = {
			isa = PBXFrameworksBuildPhase;
			buildActionMask = 2147483647;
			files = (
				D85EF6E026F8B40C00AC5617 /* FSCalendar in Frameworks */,
				D8DAA96F27298C67005B0586 /* LightsDetection in Frameworks */,
			);
			runOnlyForDeploymentPostprocessing = 0;
		};
		EFE12CEC26EF76E5005FB2B2 /* Frameworks */ = {
			isa = PBXFrameworksBuildPhase;
			buildActionMask = 2147483647;
			files = (
			);
			runOnlyForDeploymentPostprocessing = 0;
		};
		EFE12CF726EF76E5005FB2B2 /* Frameworks */ = {
			isa = PBXFrameworksBuildPhase;
			buildActionMask = 2147483647;
			files = (
			);
			runOnlyForDeploymentPostprocessing = 0;
		};
/* End PBXFrameworksBuildPhase section */

/* Begin PBXGroup section */
		6E0D80D327199E4900410B15 /* Service */ = {
			isa = PBXGroup;
			children = (
				6E0D80D427199E6600410B15 /* NotificationService.swift */,
			);
			path = Service;
			sourceTree = "<group>";
		};
		6E0FBB4C26F8A59300C762B7 /* Recovered References */ = {
			isa = PBXGroup;
			children = (
				6EE2083C26F0D18A007889EF /* DatabaseController.swift */,
				6E1BF43126F2205600A424E7 /* Maintenance+CoreDataClass.swift */,
				6EE2084026F0DE17007889EF /* Model.xcdatamodeld */,
				6E1BF43226F2205600A424E7 /* Maintenance+CoreDataProperties.swift */,
				6EE2083E26F0DBFA007889EF /* MaintenanceItem.swift */,
				6EE2083A26F0CEED007889EF /* Model.swift */,
			);
			name = "Recovered References";
			sourceTree = "<group>";
		};
		6E299A6D26F9FB3100DF574B /* ViewModel */ = {
			isa = PBXGroup;
			children = (
				D8637FB226F0D61B00B5F64F /* AddMaintenceScene */,
				6E299A6E26F9FB9600DF574B /* MaintenanceViewModel.swift */,
			);
			path = ViewModel;
			sourceTree = "<group>";
		};
		6EE2083926F0CEC1007889EF /* Model */ = {
			isa = PBXGroup;
			children = (
				6E0FBB6926F8BDC800C762B7 /* MaintenanceDAO+CoreDataClass.swift */,
				6E0FBB6A26F8BDC800C762B7 /* MaintenanceDAO+CoreDataProperties.swift */,
				6E0FBB5C26F8A73C00C762B7 /* MaintenanceItem.swift */,
				6E0FBB5D26F8A73C00C762B7 /* Model.swift */,
				6E0FBB5A26F8A73C00C762B7 /* Model.xcdatamodeld */,
				6E0FBB6526F8AA4C00C762B7 /* DatabaseController.swift */,
				EF3D7FEC26F8C9DD00DC01CA /* DateModel.swift */,
				6E0FBB6D26F8C39900C762B7 /* Maintenance.swift */,
				735A47792721A35E00DC7BF0 /* Json Model */,
			);
			path = Model;
			sourceTree = "<group>";
		};
		735A47792721A35E00DC7BF0 /* Json Model */ = {
			isa = PBXGroup;
			children = (
				735A47772721A2A800DC7BF0 /* LightsContent.json */,
				735A477A2721A3F800DC7BF0 /* JsonModel.swift */,
			);
			path = "Json Model";
			sourceTree = "<group>";
		};
		735A477C2721A6E100DC7BF0 /* Json Parser */ = {
			isa = PBXGroup;
			children = (
				735A477D2721A70A00DC7BF0 /* JsonParser.swift */,
			);
			path = "Json Parser";
			sourceTree = "<group>";
		};
		7375AAC626EF9273006888B8 /* Views */ = {
			isa = PBXGroup;
			children = (
				EF3D7FEB26F372EE00DC01CA /* Components */,
				EF3D7FEA26F372E700DC01CA /* Cells */,
				EF3D7FDC26F0DA5900DC01CA /* MaintenanceView.swift */,
				EF3D7FF026FA046300DC01CA /* ModalView.swift */,
				EFE12CE726EF76E4005FB2B2 /* LaunchScreen.storyboard */,
				7375AACB26EF941E006888B8 /* ViewControllers */,
			);
			path = Views;
			sourceTree = "<group>";
		};
		7375AACB26EF941E006888B8 /* ViewControllers */ = {
			isa = PBXGroup;
			children = (
				EFE12CE026EF76E4005FB2B2 /* MaintenanceViewController.swift */,
				EF3D7FE226F21B9D00DC01CA /* DateComponentController.swift */,
				EF3D7FF226FA06FD00DC01CA /* ModalViewController.swift */,
			);
			path = ViewControllers;
			sourceTree = "<group>";
		};
		7375AACC26EF9491006888B8 /* Delegates */ = {
			isa = PBXGroup;
			children = (
				EFE12CDC26EF76E4005FB2B2 /* AppDelegate.swift */,
				EFE12CDE26EF76E4005FB2B2 /* SceneDelegate.swift */,
			);
			path = Delegates;
			sourceTree = "<group>";
		};
		7375AACD26EF9566006888B8 /* MaintanenceScene */ = {
			isa = PBXGroup;
			children = (
				6E299A6D26F9FB3100DF574B /* ViewModel */,
				7375AAC626EF9273006888B8 /* Views */,
			);
			path = MaintanenceScene;
			sourceTree = "<group>";
		};
		7375AAD126EF9636006888B8 /* ProgressScene */ = {
			isa = PBXGroup;
			children = (
				7375AAD326EF964F006888B8 /* ViewModels */,
				7375AAD226EF964A006888B8 /* Views */,
			);
			path = ProgressScene;
			sourceTree = "<group>";
		};
		7375AAD226EF964A006888B8 /* Views */ = {
			isa = PBXGroup;
			children = (
			);
			path = Views;
			sourceTree = "<group>";
		};
		7375AAD326EF964F006888B8 /* ViewModels */ = {
			isa = PBXGroup;
			children = (
			);
			path = ViewModels;
			sourceTree = "<group>";
		};
		73A1355A26FA06CB0010AC59 /* Router */ = {
			isa = PBXGroup;
			children = (
				73A1355F26FA11C30010AC59 /* MainRouter.swift */,
				73A1355B26FA06D40010AC59 /* MaintenanceRouter.swift */,
				73CF4CBA271DB1E8002E00FA /* LightsRouter.swift */,
			);
			path = Router;
			sourceTree = "<group>";
		};
		73BF53132717059E00C4951E /* TabBarController */ = {
			isa = PBXGroup;
			children = (
				73BF5314271705CA00C4951E /* TabBarController.swift */,
			);
			path = TabBarController;
			sourceTree = "<group>";
		};
		73CF4CB2271DADA3002E00FA /* LightsScene */ = {
			isa = PBXGroup;
			children = (
				73CF4CB3271DAEC7002E00FA /* ViewModel */,
				73CF4CB4271DAECF002E00FA /* Views */,
			);
			path = LightsScene;
			sourceTree = "<group>";
		};
		73CF4CB3271DAEC7002E00FA /* ViewModel */ = {
			isa = PBXGroup;
			children = (
				73CF4CB8271DAFA2002E00FA /* LightsViewModel.swift */,
			);
			path = ViewModel;
			sourceTree = "<group>";
		};
		73CF4CB4271DAECF002E00FA /* Views */ = {
			isa = PBXGroup;
			children = (
				73CF4CBC271DB77D002E00FA /* LightsView.swift */,
				73CF4CBE271EEF94002E00FA /* Cells */,
				73CF4CB5271DAEE6002E00FA /* ViewController */,
			);
			path = Views;
			sourceTree = "<group>";
		};
		73CF4CB5271DAEE6002E00FA /* ViewController */ = {
			isa = PBXGroup;
			children = (
				73CF4CB6271DAF13002E00FA /* LightsViewController.swift */,
			);
			path = ViewController;
			sourceTree = "<group>";
		};
		73CF4CBE271EEF94002E00FA /* Cells */ = {
			isa = PBXGroup;
			children = (
				73CF4CC0271EEFB3002E00FA /* LightTableViewCell.swift */,
			);
			path = Cells;
			sourceTree = "<group>";
		};
		73ED397A26F0C9350030CF52 /* Fonts */ = {
			isa = PBXGroup;
			children = (
				73ED397B26F0C9410030CF52 /* Quicksand-VariableFont_wght.ttf */,
				D8A734C526F215BE00A4D799 /* Quicksand-Bold.ttf */,
				D8A734C626F215BE00A4D799 /* Quicksand-Light.ttf */,
				D8A734C926F215BE00A4D799 /* Quicksand-Medium.ttf */,
				D8A734C726F215BE00A4D799 /* Quicksand-Regular.ttf */,
				D8A734C826F215BE00A4D799 /* Quicksand-SemiBold.ttf */,
			);
			path = Fonts;
			sourceTree = "<group>";
		};
		D8637FB226F0D61B00B5F64F /* AddMaintenceScene */ = {
			isa = PBXGroup;
			children = (
				D8637FB426F0D63400B5F64F /* ViewModels */,
				D8637FB326F0D62C00B5F64F /* Views */,
			);
			path = AddMaintenceScene;
			sourceTree = "<group>";
		};
		D8637FB326F0D62C00B5F64F /* Views */ = {
			isa = PBXGroup;
			children = (
				D8637FB526F0D68800B5F64F /* AddMaintenceViewController.swift */,
				D8637FB726F0D6BD00B5F64F /* AddMaintenceView.swift */,
				D8637FBB26F0DB4400B5F64F /* CustomTextField.swift */,
				D8637FBD26F0E85E00B5F64F /* CustomLabel.swift */,
				D8A734CF26F22C9B00A4D799 /* ServicesCollectionViewCell.swift */,
				D87B793026F3748A00D51642 /* CustomButton.swift */,
				D8D35B9526F3802B00CFEF65 /* BottomSheetView.swift */,
				D8D35B9726F3808800CFEF65 /* BottomSheetViewController.swift */,
			);
			path = Views;
			sourceTree = "<group>";
		};
		D8637FB426F0D63400B5F64F /* ViewModels */ = {
			isa = PBXGroup;
			children = (
				D8637FB926F0D6DE00B5F64F /* AddMaintenceViewModel.swift */,
			);
			path = ViewModels;
			sourceTree = "<group>";
		};
		D88D990926FB7A2B00C68F63 /* Enum */ = {
			isa = PBXGroup;
			children = (
				D88D990A26FB7A4200C68F63 /* Errors.swift */,
			);
			path = Enum;
			sourceTree = "<group>";
		};
		EF3D7FD826F0D27E00DC01CA /* Helpers */ = {
			isa = PBXGroup;
			children = (
				735A477C2721A6E100DC7BF0 /* Json Parser */,
				D88D990926FB7A2B00C68F63 /* Enum */,
				EF3D7FD926F0D28600DC01CA /* Extension */,
			);
			path = Helpers;
			sourceTree = "<group>";
		};
		EF3D7FD926F0D28600DC01CA /* Extension */ = {
			isa = PBXGroup;
			children = (
				EF3D7FDA26F0D2A500DC01CA /* Color.swift */,
				734B18072726E61000FE6E74 /* Labels.swift */,
			);
			path = Extension;
			sourceTree = "<group>";
		};
		EF3D7FEA26F372E700DC01CA /* Cells */ = {
			isa = PBXGroup;
			children = (
				EF3D7FE826F3728F00DC01CA /* MaintenanceCollectionViewCell.swift */,
				EF3D7FE426F239CF00DC01CA /* MaintenanceTableViewCell.swift */,
			);
			path = Cells;
			sourceTree = "<group>";
		};
		EF3D7FEB26F372EE00DC01CA /* Components */ = {
			isa = PBXGroup;
			children = (
				EF3D7FDE26F0DC9500DC01CA /* DateComponent.swift */,
			);
			path = Components;
			sourceTree = "<group>";
		};
		EFE12CD026EF76E4005FB2B2 = {
			isa = PBXGroup;
			children = (
				7375AAC426EF7A6C006888B8 /* swiftlint.yml */,
				EFE12CDB26EF76E4005FB2B2 /* Revisadinho */,
				EFE12CF226EF76E5005FB2B2 /* RevisadinhoTests */,
				EFE12CFD26EF76E5005FB2B2 /* RevisadinhoUITests */,
				EFE12CDA26EF76E4005FB2B2 /* Products */,
				6E0FBB4C26F8A59300C762B7 /* Recovered References */,
			);
			sourceTree = "<group>";
		};
		EFE12CDA26EF76E4005FB2B2 /* Products */ = {
			isa = PBXGroup;
			children = (
				EFE12CD926EF76E4005FB2B2 /* Revisadinho.app */,
				EFE12CEF26EF76E5005FB2B2 /* RevisadinhoTests.xctest */,
				EFE12CFA26EF76E5005FB2B2 /* RevisadinhoUITests.xctest */,
			);
			name = Products;
			sourceTree = "<group>";
		};
		EFE12CDB26EF76E4005FB2B2 /* Revisadinho */ = {
			isa = PBXGroup;
			children = (
				6E0D80D327199E4900410B15 /* Service */,
				73BF53132717059E00C4951E /* TabBarController */,
				73A1355A26FA06CB0010AC59 /* Router */,
				6EE2083926F0CEC1007889EF /* Model */,
				EF3D7FD826F0D27E00DC01CA /* Helpers */,
				73ED397A26F0C9350030CF52 /* Fonts */,
				7375AACC26EF9491006888B8 /* Delegates */,
				73CF4CB2271DADA3002E00FA /* LightsScene */,
				7375AACD26EF9566006888B8 /* MaintanenceScene */,
				7375AAD126EF9636006888B8 /* ProgressScene */,
				EFE12CE526EF76E4005FB2B2 /* Assets.xcassets */,
				EFE12CEA26EF76E4005FB2B2 /* Info.plist */,
			);
			path = Revisadinho;
			sourceTree = "<group>";
		};
		EFE12CF226EF76E5005FB2B2 /* RevisadinhoTests */ = {
			isa = PBXGroup;
			children = (
				EFE12CF326EF76E5005FB2B2 /* RevisadinhoTests.swift */,
				EFE12CF526EF76E5005FB2B2 /* Info.plist */,
				6E1BF43526F22D6000A424E7 /* ModelTests.swift */,
				6E16FC8B26F368DC0093C7D3 /* CoreDataTestStack.swift */,
				EF3D7FEE26FA02C500DC01CA /* DateComponentControllerTests.swift */,
				6E0FBB7126F8CADA00C762B7 /* MaintenanceViewModelTests.swift */,
				6E0FBB7326F8D04600C762B7 /* AddMaintenanceViewModelTests.swift */,
				EF3D7FF426FB4AA500DC01CA /* DateModelTests.swift */,
				EF3D7FF626FB4DF000DC01CA /* MaintenanceViewControllerTests.swift */,
			);
			path = RevisadinhoTests;
			sourceTree = "<group>";
		};
		EFE12CFD26EF76E5005FB2B2 /* RevisadinhoUITests */ = {
			isa = PBXGroup;
			children = (
				EFE12CFE26EF76E5005FB2B2 /* RevisadinhoUITests.swift */,
				EFE12D0026EF76E5005FB2B2 /* Info.plist */,
			);
			path = RevisadinhoUITests;
			sourceTree = "<group>";
		};
/* End PBXGroup section */

/* Begin PBXNativeTarget section */
		EFE12CD826EF76E4005FB2B2 /* Revisadinho */ = {
			isa = PBXNativeTarget;
			buildConfigurationList = EFE12D0326EF76E5005FB2B2 /* Build configuration list for PBXNativeTarget "Revisadinho" */;
			buildPhases = (
				EFE12CD526EF76E4005FB2B2 /* Sources */,
				EFE12CD626EF76E4005FB2B2 /* Frameworks */,
				EFE12CD726EF76E4005FB2B2 /* Resources */,
				7375AAC326EF79AE006888B8 /* ShellScript */,
			);
			buildRules = (
			);
			dependencies = (
			);
			name = Revisadinho;
			packageProductDependencies = (
				D85EF6DF26F8B40C00AC5617 /* FSCalendar */,
				D8DAA96E27298C67005B0586 /* LightsDetection */,
			);
			productName = Revisadinho;
			productReference = EFE12CD926EF76E4005FB2B2 /* Revisadinho.app */;
			productType = "com.apple.product-type.application";
		};
		EFE12CEE26EF76E5005FB2B2 /* RevisadinhoTests */ = {
			isa = PBXNativeTarget;
			buildConfigurationList = EFE12D0626EF76E5005FB2B2 /* Build configuration list for PBXNativeTarget "RevisadinhoTests" */;
			buildPhases = (
				EFE12CEB26EF76E5005FB2B2 /* Sources */,
				EFE12CEC26EF76E5005FB2B2 /* Frameworks */,
				EFE12CED26EF76E5005FB2B2 /* Resources */,
			);
			buildRules = (
			);
			dependencies = (
				EFE12CF126EF76E5005FB2B2 /* PBXTargetDependency */,
			);
			name = RevisadinhoTests;
			productName = RevisadinhoTests;
			productReference = EFE12CEF26EF76E5005FB2B2 /* RevisadinhoTests.xctest */;
			productType = "com.apple.product-type.bundle.unit-test";
		};
		EFE12CF926EF76E5005FB2B2 /* RevisadinhoUITests */ = {
			isa = PBXNativeTarget;
			buildConfigurationList = EFE12D0926EF76E5005FB2B2 /* Build configuration list for PBXNativeTarget "RevisadinhoUITests" */;
			buildPhases = (
				EFE12CF626EF76E5005FB2B2 /* Sources */,
				EFE12CF726EF76E5005FB2B2 /* Frameworks */,
				EFE12CF826EF76E5005FB2B2 /* Resources */,
			);
			buildRules = (
			);
			dependencies = (
				EFE12CFC26EF76E5005FB2B2 /* PBXTargetDependency */,
			);
			name = RevisadinhoUITests;
			productName = RevisadinhoUITests;
			productReference = EFE12CFA26EF76E5005FB2B2 /* RevisadinhoUITests.xctest */;
			productType = "com.apple.product-type.bundle.ui-testing";
		};
/* End PBXNativeTarget section */

/* Begin PBXProject section */
		EFE12CD126EF76E4005FB2B2 /* Project object */ = {
			isa = PBXProject;
			attributes = {
				LastSwiftUpdateCheck = 1250;
				LastUpgradeCheck = 1300;
				TargetAttributes = {
					EFE12CD826EF76E4005FB2B2 = {
						CreatedOnToolsVersion = 12.5.1;
					};
					EFE12CEE26EF76E5005FB2B2 = {
						CreatedOnToolsVersion = 12.5.1;
						TestTargetID = EFE12CD826EF76E4005FB2B2;
					};
					EFE12CF926EF76E5005FB2B2 = {
						CreatedOnToolsVersion = 12.5.1;
						TestTargetID = EFE12CD826EF76E4005FB2B2;
					};
				};
			};
			buildConfigurationList = EFE12CD426EF76E4005FB2B2 /* Build configuration list for PBXProject "Revisadinho" */;
			compatibilityVersion = "Xcode 9.3";
			developmentRegion = en;
			hasScannedForEncodings = 0;
			knownRegions = (
				en,
				Base,
			);
			mainGroup = EFE12CD026EF76E4005FB2B2;
			packageReferences = (
				D85EF6DE26F8B40C00AC5617 /* XCRemoteSwiftPackageReference "FSCalendar" */,
				D8DAA96D27298C67005B0586 /* XCRemoteSwiftPackageReference "LightSymbolsRecognition" */,
			);
			productRefGroup = EFE12CDA26EF76E4005FB2B2 /* Products */;
			projectDirPath = "";
			projectRoot = "";
			targets = (
				EFE12CD826EF76E4005FB2B2 /* Revisadinho */,
				EFE12CEE26EF76E5005FB2B2 /* RevisadinhoTests */,
				EFE12CF926EF76E5005FB2B2 /* RevisadinhoUITests */,
			);
		};
/* End PBXProject section */

/* Begin PBXResourcesBuildPhase section */
		EFE12CD726EF76E4005FB2B2 /* Resources */ = {
			isa = PBXResourcesBuildPhase;
			buildActionMask = 2147483647;
			files = (
				7375AAC526EF7A6C006888B8 /* swiftlint.yml in Resources */,
				D8A734CD26F215BE00A4D799 /* Quicksand-SemiBold.ttf in Resources */,
				D8A734CE26F215BE00A4D799 /* Quicksand-Medium.ttf in Resources */,
				73ED397C26F0C9570030CF52 /* Quicksand-VariableFont_wght.ttf in Resources */,
				D8A734CC26F215BE00A4D799 /* Quicksand-Regular.ttf in Resources */,
				EFE12CE926EF76E4005FB2B2 /* LaunchScreen.storyboard in Resources */,
				D8A734CB26F215BE00A4D799 /* Quicksand-Light.ttf in Resources */,
				EFE12CE626EF76E4005FB2B2 /* Assets.xcassets in Resources */,
				735A47782721A2A800DC7BF0 /* LightsContent.json in Resources */,
				D8A734CA26F215BE00A4D799 /* Quicksand-Bold.ttf in Resources */,
			);
			runOnlyForDeploymentPostprocessing = 0;
		};
		EFE12CED26EF76E5005FB2B2 /* Resources */ = {
			isa = PBXResourcesBuildPhase;
			buildActionMask = 2147483647;
			files = (
			);
			runOnlyForDeploymentPostprocessing = 0;
		};
		EFE12CF826EF76E5005FB2B2 /* Resources */ = {
			isa = PBXResourcesBuildPhase;
			buildActionMask = 2147483647;
			files = (
			);
			runOnlyForDeploymentPostprocessing = 0;
		};
/* End PBXResourcesBuildPhase section */

/* Begin PBXShellScriptBuildPhase section */
		7375AAC326EF79AE006888B8 /* ShellScript */ = {
			isa = PBXShellScriptBuildPhase;
			buildActionMask = 2147483647;
			files = (
			);
			inputFileListPaths = (
			);
			inputPaths = (
			);
			outputFileListPaths = (
			);
			outputPaths = (
			);
			runOnlyForDeploymentPostprocessing = 0;
			shellPath = /bin/sh;
			shellScript = "if which swiftlint >/dev/null; then\nswiftlint\nelse\necho \"warning: Swiftlint not installed, download from https://github.com/realm/SwiftLint\"\nfi\n";
		};
/* End PBXShellScriptBuildPhase section */

/* Begin PBXSourcesBuildPhase section */
		EFE12CD526EF76E4005FB2B2 /* Sources */ = {
			isa = PBXSourcesBuildPhase;
			buildActionMask = 2147483647;
			files = (
				6E299A7126FA052A00DF574B /* SceneDelegate.swift in Sources */,
				6E0D80D527199E6600410B15 /* NotificationService.swift in Sources */,
				6E299A7026FA052300DF574B /* AppDelegate.swift in Sources */,
				D8637FBC26F0DB4400B5F64F /* CustomTextField.swift in Sources */,
				735A477B2721A3F800DC7BF0 /* JsonModel.swift in Sources */,
				D8637FB826F0D6BD00B5F64F /* AddMaintenceView.swift in Sources */,
				EFE12CE126EF76E4005FB2B2 /* MaintenanceViewController.swift in Sources */,
				D87B793126F3748A00D51642 /* CustomButton.swift in Sources */,
				73A1355C26FA06D40010AC59 /* MaintenanceRouter.swift in Sources */,
				D88D990B26FB7A4200C68F63 /* Errors.swift in Sources */,
				D8637FBA26F0D6DE00B5F64F /* AddMaintenceViewModel.swift in Sources */,
				D8637FB626F0D68800B5F64F /* AddMaintenceViewController.swift in Sources */,
				D8D35B9826F3808800CFEF65 /* BottomSheetViewController.swift in Sources */,
				D8A734D026F22C9B00A4D799 /* ServicesCollectionViewCell.swift in Sources */,
				73CF4CC1271EEFB3002E00FA /* LightTableViewCell.swift in Sources */,
				D8D35B9626F3802B00CFEF65 /* BottomSheetView.swift in Sources */,
				73CF4CBD271DB77D002E00FA /* LightsView.swift in Sources */,
				D8637FBE26F0E85E00B5F64F /* CustomLabel.swift in Sources */,
				6E299A6F26F9FB9600DF574B /* MaintenanceViewModel.swift in Sources */,
				73CF4CB7271DAF13002E00FA /* LightsViewController.swift in Sources */,
				734B18082726E61000FE6E74 /* Labels.swift in Sources */,
				6E0FBB6B26F8BDC800C762B7 /* MaintenanceDAO+CoreDataClass.swift in Sources */,
				73CF4CB9271DAFA2002E00FA /* LightsViewModel.swift in Sources */,
				EF3D7FDF26F0DC9500DC01CA /* DateComponent.swift in Sources */,
				EF3D7FF126FA046300DC01CA /* ModalView.swift in Sources */,
				73A1356026FA11C30010AC59 /* MainRouter.swift in Sources */,
				6E0FBB6626F8AA4C00C762B7 /* DatabaseController.swift in Sources */,
				6E0FBB6E26F8C39900C762B7 /* Maintenance.swift in Sources */,
				735A477E2721A70A00DC7BF0 /* JsonParser.swift in Sources */,
				6E0FBB6C26F8BDC800C762B7 /* MaintenanceDAO+CoreDataProperties.swift in Sources */,
				EF3D7FDB26F0D2A500DC01CA /* Color.swift in Sources */,
				EF3D7FE526F239CF00DC01CA /* MaintenanceTableViewCell.swift in Sources */,
				73BF5315271705CA00C4951E /* TabBarController.swift in Sources */,
				EF3D7FE326F21B9D00DC01CA /* DateComponentController.swift in Sources */,
				EF3D7FED26F8C9DD00DC01CA /* DateModel.swift in Sources */,
				73CF4CBB271DB1E8002E00FA /* LightsRouter.swift in Sources */,
				EF3D7FDD26F0DA5900DC01CA /* MaintenanceView.swift in Sources */,
				EF3D7FE926F3728F00DC01CA /* MaintenanceCollectionViewCell.swift in Sources */,
				6E0FBB6026F8A73C00C762B7 /* Model.swift in Sources */,
				6E0FBB5E26F8A73C00C762B7 /* Model.xcdatamodeld in Sources */,
				EF3D7FF326FA06FD00DC01CA /* ModalViewController.swift in Sources */,
				6E0FBB5F26F8A73C00C762B7 /* MaintenanceItem.swift in Sources */,
			);
			runOnlyForDeploymentPostprocessing = 0;
		};
		EFE12CEB26EF76E5005FB2B2 /* Sources */ = {
			isa = PBXSourcesBuildPhase;
			buildActionMask = 2147483647;
			files = (
				6E0FBB7226F8CADA00C762B7 /* MaintenanceViewModelTests.swift in Sources */,
				EFE12CF426EF76E5005FB2B2 /* RevisadinhoTests.swift in Sources */,
				EF3D7FEF26FA02C500DC01CA /* DateComponentControllerTests.swift in Sources */,
				6E16FC8C26F368DC0093C7D3 /* CoreDataTestStack.swift in Sources */,
				EF3D7FF726FB4DF000DC01CA /* MaintenanceViewControllerTests.swift in Sources */,
				EF3D7FF526FB4AA500DC01CA /* DateModelTests.swift in Sources */,
				6E1BF43626F22D6000A424E7 /* ModelTests.swift in Sources */,
				6E0FBB7426F8D04600C762B7 /* AddMaintenanceViewModelTests.swift in Sources */,
			);
			runOnlyForDeploymentPostprocessing = 0;
		};
		EFE12CF626EF76E5005FB2B2 /* Sources */ = {
			isa = PBXSourcesBuildPhase;
			buildActionMask = 2147483647;
			files = (
				EFE12CFF26EF76E5005FB2B2 /* RevisadinhoUITests.swift in Sources */,
			);
			runOnlyForDeploymentPostprocessing = 0;
		};
/* End PBXSourcesBuildPhase section */

/* Begin PBXTargetDependency section */
		EFE12CF126EF76E5005FB2B2 /* PBXTargetDependency */ = {
			isa = PBXTargetDependency;
			target = EFE12CD826EF76E4005FB2B2 /* Revisadinho */;
			targetProxy = EFE12CF026EF76E5005FB2B2 /* PBXContainerItemProxy */;
		};
		EFE12CFC26EF76E5005FB2B2 /* PBXTargetDependency */ = {
			isa = PBXTargetDependency;
			target = EFE12CD826EF76E4005FB2B2 /* Revisadinho */;
			targetProxy = EFE12CFB26EF76E5005FB2B2 /* PBXContainerItemProxy */;
		};
/* End PBXTargetDependency section */

/* Begin PBXVariantGroup section */
		EFE12CE726EF76E4005FB2B2 /* LaunchScreen.storyboard */ = {
			isa = PBXVariantGroup;
			children = (
				EFE12CE826EF76E4005FB2B2 /* Base */,
			);
			name = LaunchScreen.storyboard;
			sourceTree = "<group>";
		};
/* End PBXVariantGroup section */

/* Begin XCBuildConfiguration section */
		EFE12D0126EF76E5005FB2B2 /* Debug */ = {
			isa = XCBuildConfiguration;
			buildSettings = {
				ALWAYS_SEARCH_USER_PATHS = NO;
				CLANG_ANALYZER_NONNULL = YES;
				CLANG_ANALYZER_NUMBER_OBJECT_CONVERSION = YES_AGGRESSIVE;
				CLANG_CXX_LANGUAGE_STANDARD = "gnu++14";
				CLANG_CXX_LIBRARY = "libc++";
				CLANG_ENABLE_MODULES = YES;
				CLANG_ENABLE_OBJC_ARC = YES;
				CLANG_ENABLE_OBJC_WEAK = YES;
				CLANG_WARN_BLOCK_CAPTURE_AUTORELEASING = YES;
				CLANG_WARN_BOOL_CONVERSION = YES;
				CLANG_WARN_COMMA = YES;
				CLANG_WARN_CONSTANT_CONVERSION = YES;
				CLANG_WARN_DEPRECATED_OBJC_IMPLEMENTATIONS = YES;
				CLANG_WARN_DIRECT_OBJC_ISA_USAGE = YES_ERROR;
				CLANG_WARN_DOCUMENTATION_COMMENTS = YES;
				CLANG_WARN_EMPTY_BODY = YES;
				CLANG_WARN_ENUM_CONVERSION = YES;
				CLANG_WARN_INFINITE_RECURSION = YES;
				CLANG_WARN_INT_CONVERSION = YES;
				CLANG_WARN_NON_LITERAL_NULL_CONVERSION = YES;
				CLANG_WARN_OBJC_IMPLICIT_RETAIN_SELF = YES;
				CLANG_WARN_OBJC_LITERAL_CONVERSION = YES;
				CLANG_WARN_OBJC_ROOT_CLASS = YES_ERROR;
				CLANG_WARN_QUOTED_INCLUDE_IN_FRAMEWORK_HEADER = YES;
				CLANG_WARN_RANGE_LOOP_ANALYSIS = YES;
				CLANG_WARN_STRICT_PROTOTYPES = YES;
				CLANG_WARN_SUSPICIOUS_MOVE = YES;
				CLANG_WARN_UNGUARDED_AVAILABILITY = YES_AGGRESSIVE;
				CLANG_WARN_UNREACHABLE_CODE = YES;
				CLANG_WARN__DUPLICATE_METHOD_MATCH = YES;
				COPY_PHASE_STRIP = NO;
				DEBUG_INFORMATION_FORMAT = dwarf;
				ENABLE_STRICT_OBJC_MSGSEND = YES;
				ENABLE_TESTABILITY = YES;
				GCC_C_LANGUAGE_STANDARD = gnu11;
				GCC_DYNAMIC_NO_PIC = NO;
				GCC_NO_COMMON_BLOCKS = YES;
				GCC_OPTIMIZATION_LEVEL = 0;
				GCC_PREPROCESSOR_DEFINITIONS = (
					"DEBUG=1",
					"$(inherited)",
				);
				GCC_WARN_64_TO_32_BIT_CONVERSION = YES;
				GCC_WARN_ABOUT_RETURN_TYPE = YES_ERROR;
				GCC_WARN_UNDECLARED_SELECTOR = YES;
				GCC_WARN_UNINITIALIZED_AUTOS = YES_AGGRESSIVE;
				GCC_WARN_UNUSED_FUNCTION = YES;
				GCC_WARN_UNUSED_VARIABLE = YES;
				IPHONEOS_DEPLOYMENT_TARGET = 15.0;
				MTL_ENABLE_DEBUG_INFO = INCLUDE_SOURCE;
				MTL_FAST_MATH = YES;
				ONLY_ACTIVE_ARCH = YES;
				SDKROOT = iphoneos;
				SWIFT_ACTIVE_COMPILATION_CONDITIONS = DEBUG;
				SWIFT_OPTIMIZATION_LEVEL = "-Onone";
			};
			name = Debug;
		};
		EFE12D0226EF76E5005FB2B2 /* Release */ = {
			isa = XCBuildConfiguration;
			buildSettings = {
				ALWAYS_SEARCH_USER_PATHS = NO;
				CLANG_ANALYZER_NONNULL = YES;
				CLANG_ANALYZER_NUMBER_OBJECT_CONVERSION = YES_AGGRESSIVE;
				CLANG_CXX_LANGUAGE_STANDARD = "gnu++14";
				CLANG_CXX_LIBRARY = "libc++";
				CLANG_ENABLE_MODULES = YES;
				CLANG_ENABLE_OBJC_ARC = YES;
				CLANG_ENABLE_OBJC_WEAK = YES;
				CLANG_WARN_BLOCK_CAPTURE_AUTORELEASING = YES;
				CLANG_WARN_BOOL_CONVERSION = YES;
				CLANG_WARN_COMMA = YES;
				CLANG_WARN_CONSTANT_CONVERSION = YES;
				CLANG_WARN_DEPRECATED_OBJC_IMPLEMENTATIONS = YES;
				CLANG_WARN_DIRECT_OBJC_ISA_USAGE = YES_ERROR;
				CLANG_WARN_DOCUMENTATION_COMMENTS = YES;
				CLANG_WARN_EMPTY_BODY = YES;
				CLANG_WARN_ENUM_CONVERSION = YES;
				CLANG_WARN_INFINITE_RECURSION = YES;
				CLANG_WARN_INT_CONVERSION = YES;
				CLANG_WARN_NON_LITERAL_NULL_CONVERSION = YES;
				CLANG_WARN_OBJC_IMPLICIT_RETAIN_SELF = YES;
				CLANG_WARN_OBJC_LITERAL_CONVERSION = YES;
				CLANG_WARN_OBJC_ROOT_CLASS = YES_ERROR;
				CLANG_WARN_QUOTED_INCLUDE_IN_FRAMEWORK_HEADER = YES;
				CLANG_WARN_RANGE_LOOP_ANALYSIS = YES;
				CLANG_WARN_STRICT_PROTOTYPES = YES;
				CLANG_WARN_SUSPICIOUS_MOVE = YES;
				CLANG_WARN_UNGUARDED_AVAILABILITY = YES_AGGRESSIVE;
				CLANG_WARN_UNREACHABLE_CODE = YES;
				CLANG_WARN__DUPLICATE_METHOD_MATCH = YES;
				COPY_PHASE_STRIP = NO;
				DEBUG_INFORMATION_FORMAT = "dwarf-with-dsym";
				ENABLE_NS_ASSERTIONS = NO;
				ENABLE_STRICT_OBJC_MSGSEND = YES;
				GCC_C_LANGUAGE_STANDARD = gnu11;
				GCC_NO_COMMON_BLOCKS = YES;
				GCC_WARN_64_TO_32_BIT_CONVERSION = YES;
				GCC_WARN_ABOUT_RETURN_TYPE = YES_ERROR;
				GCC_WARN_UNDECLARED_SELECTOR = YES;
				GCC_WARN_UNINITIALIZED_AUTOS = YES_AGGRESSIVE;
				GCC_WARN_UNUSED_FUNCTION = YES;
				GCC_WARN_UNUSED_VARIABLE = YES;
				IPHONEOS_DEPLOYMENT_TARGET = 15.0;
				MTL_ENABLE_DEBUG_INFO = NO;
				MTL_FAST_MATH = YES;
				SDKROOT = iphoneos;
				SWIFT_COMPILATION_MODE = wholemodule;
				SWIFT_OPTIMIZATION_LEVEL = "-O";
				VALIDATE_PRODUCT = YES;
			};
			name = Release;
		};
		EFE12D0426EF76E5005FB2B2 /* Debug */ = {
			isa = XCBuildConfiguration;
			buildSettings = {
				ASSETCATALOG_COMPILER_APPICON_NAME = AppIcon;
				ASSETCATALOG_COMPILER_GLOBAL_ACCENT_COLOR_NAME = AccentColor;
				CODE_SIGN_STYLE = Automatic;
				CURRENT_PROJECT_VERSION = 1;
				DEVELOPMENT_TEAM = 2UZ6YPHV3D;
				INFOPLIST_FILE = Revisadinho/Info.plist;
				LD_RUNPATH_SEARCH_PATHS = (
					"$(inherited)",
					"@executable_path/Frameworks",
				);
				MARKETING_VERSION = 1.2;
				PRODUCT_BUNDLE_IDENTIFIER = com.revisadinhoTeam.Revisadinho;
				PRODUCT_NAME = "$(TARGET_NAME)";
				SWIFT_VERSION = 5.0;
				TARGETED_DEVICE_FAMILY = "1,2";
			};
			name = Debug;
		};
		EFE12D0526EF76E5005FB2B2 /* Release */ = {
			isa = XCBuildConfiguration;
			buildSettings = {
				ASSETCATALOG_COMPILER_APPICON_NAME = AppIcon;
				ASSETCATALOG_COMPILER_GLOBAL_ACCENT_COLOR_NAME = AccentColor;
				CODE_SIGN_STYLE = Automatic;
				CURRENT_PROJECT_VERSION = 1;
				DEVELOPMENT_TEAM = 2UZ6YPHV3D;
				INFOPLIST_FILE = Revisadinho/Info.plist;
				LD_RUNPATH_SEARCH_PATHS = (
					"$(inherited)",
					"@executable_path/Frameworks",
				);
				MARKETING_VERSION = 1.2;
				PRODUCT_BUNDLE_IDENTIFIER = com.revisadinhoTeam.Revisadinho;
				PRODUCT_NAME = "$(TARGET_NAME)";
				SWIFT_VERSION = 5.0;
				TARGETED_DEVICE_FAMILY = "1,2";
			};
			name = Release;
		};
		EFE12D0726EF76E5005FB2B2 /* Debug */ = {
			isa = XCBuildConfiguration;
			buildSettings = {
				ALWAYS_EMBED_SWIFT_STANDARD_LIBRARIES = YES;
				BUNDLE_LOADER = "$(TEST_HOST)";
				CODE_SIGN_STYLE = Automatic;
				DEVELOPMENT_TEAM = 2UZ6YPHV3D;
				INFOPLIST_FILE = RevisadinhoTests/Info.plist;
				IPHONEOS_DEPLOYMENT_TARGET = 15.0;
				LD_RUNPATH_SEARCH_PATHS = (
					"$(inherited)",
					"@executable_path/Frameworks",
					"@loader_path/Frameworks",
				);
				PRODUCT_BUNDLE_IDENTIFIER = com.revisadinhoTeam.RevisadinhoTests;
				PRODUCT_NAME = "$(TARGET_NAME)";
				SWIFT_VERSION = 5.0;
				TARGETED_DEVICE_FAMILY = "1,2";
				TEST_HOST = "$(BUILT_PRODUCTS_DIR)/Revisadinho.app/Revisadinho";
			};
			name = Debug;
		};
		EFE12D0826EF76E5005FB2B2 /* Release */ = {
			isa = XCBuildConfiguration;
			buildSettings = {
				ALWAYS_EMBED_SWIFT_STANDARD_LIBRARIES = YES;
				BUNDLE_LOADER = "$(TEST_HOST)";
				CODE_SIGN_STYLE = Automatic;
				DEVELOPMENT_TEAM = 2UZ6YPHV3D;
				INFOPLIST_FILE = RevisadinhoTests/Info.plist;
				IPHONEOS_DEPLOYMENT_TARGET = 15.0;
				LD_RUNPATH_SEARCH_PATHS = (
					"$(inherited)",
					"@executable_path/Frameworks",
					"@loader_path/Frameworks",
				);
				PRODUCT_BUNDLE_IDENTIFIER = com.revisadinhoTeam.RevisadinhoTests;
				PRODUCT_NAME = "$(TARGET_NAME)";
				SWIFT_VERSION = 5.0;
				TARGETED_DEVICE_FAMILY = "1,2";
				TEST_HOST = "$(BUILT_PRODUCTS_DIR)/Revisadinho.app/Revisadinho";
			};
			name = Release;
		};
		EFE12D0A26EF76E5005FB2B2 /* Debug */ = {
			isa = XCBuildConfiguration;
			buildSettings = {
				ALWAYS_EMBED_SWIFT_STANDARD_LIBRARIES = YES;
				CODE_SIGN_STYLE = Automatic;
				DEVELOPMENT_TEAM = 2UZ6YPHV3D;
				INFOPLIST_FILE = RevisadinhoUITests/Info.plist;
				LD_RUNPATH_SEARCH_PATHS = (
					"$(inherited)",
					"@executable_path/Frameworks",
					"@loader_path/Frameworks",
				);
				PRODUCT_BUNDLE_IDENTIFIER = com.revisadinhoTeam.RevisadinhoUITests;
				PRODUCT_NAME = "$(TARGET_NAME)";
				SWIFT_VERSION = 5.0;
				TARGETED_DEVICE_FAMILY = "1,2";
				TEST_TARGET_NAME = Revisadinho;
			};
			name = Debug;
		};
		EFE12D0B26EF76E5005FB2B2 /* Release */ = {
			isa = XCBuildConfiguration;
			buildSettings = {
				ALWAYS_EMBED_SWIFT_STANDARD_LIBRARIES = YES;
				CODE_SIGN_STYLE = Automatic;
				DEVELOPMENT_TEAM = 2UZ6YPHV3D;
				INFOPLIST_FILE = RevisadinhoUITests/Info.plist;
				LD_RUNPATH_SEARCH_PATHS = (
					"$(inherited)",
					"@executable_path/Frameworks",
					"@loader_path/Frameworks",
				);
				PRODUCT_BUNDLE_IDENTIFIER = com.revisadinhoTeam.RevisadinhoUITests;
				PRODUCT_NAME = "$(TARGET_NAME)";
				SWIFT_VERSION = 5.0;
				TARGETED_DEVICE_FAMILY = "1,2";
				TEST_TARGET_NAME = Revisadinho;
			};
			name = Release;
		};
/* End XCBuildConfiguration section */

/* Begin XCConfigurationList section */
		EFE12CD426EF76E4005FB2B2 /* Build configuration list for PBXProject "Revisadinho" */ = {
			isa = XCConfigurationList;
			buildConfigurations = (
				EFE12D0126EF76E5005FB2B2 /* Debug */,
				EFE12D0226EF76E5005FB2B2 /* Release */,
			);
			defaultConfigurationIsVisible = 0;
			defaultConfigurationName = Release;
		};
		EFE12D0326EF76E5005FB2B2 /* Build configuration list for PBXNativeTarget "Revisadinho" */ = {
			isa = XCConfigurationList;
			buildConfigurations = (
				EFE12D0426EF76E5005FB2B2 /* Debug */,
				EFE12D0526EF76E5005FB2B2 /* Release */,
			);
			defaultConfigurationIsVisible = 0;
			defaultConfigurationName = Release;
		};
		EFE12D0626EF76E5005FB2B2 /* Build configuration list for PBXNativeTarget "RevisadinhoTests" */ = {
			isa = XCConfigurationList;
			buildConfigurations = (
				EFE12D0726EF76E5005FB2B2 /* Debug */,
				EFE12D0826EF76E5005FB2B2 /* Release */,
			);
			defaultConfigurationIsVisible = 0;
			defaultConfigurationName = Release;
		};
		EFE12D0926EF76E5005FB2B2 /* Build configuration list for PBXNativeTarget "RevisadinhoUITests" */ = {
			isa = XCConfigurationList;
			buildConfigurations = (
				EFE12D0A26EF76E5005FB2B2 /* Debug */,
				EFE12D0B26EF76E5005FB2B2 /* Release */,
			);
			defaultConfigurationIsVisible = 0;
			defaultConfigurationName = Release;
		};
/* End XCConfigurationList section */

/* Begin XCRemoteSwiftPackageReference section */
		D85EF6DE26F8B40C00AC5617 /* XCRemoteSwiftPackageReference "FSCalendar" */ = {
			isa = XCRemoteSwiftPackageReference;
			repositoryURL = "https://github.com/WenchaoD/FSCalendar.git";
			requirement = {
				kind = upToNextMajorVersion;
				minimumVersion = 2.8.2;
			};
		};
		D8DAA96D27298C67005B0586 /* XCRemoteSwiftPackageReference "LightSymbolsRecognition" */ = {
			isa = XCRemoteSwiftPackageReference;
			repositoryURL = "https://github.com/Revisadinho/LightSymbolsRecognition";
			requirement = {
				kind = upToNextMajorVersion;
				minimumVersion = 1.0.0;
			};
		};
/* End XCRemoteSwiftPackageReference section */

/* Begin XCSwiftPackageProductDependency section */
		D85EF6DF26F8B40C00AC5617 /* FSCalendar */ = {
			isa = XCSwiftPackageProductDependency;
			package = D85EF6DE26F8B40C00AC5617 /* XCRemoteSwiftPackageReference "FSCalendar" */;
			productName = FSCalendar;
		};
		D8DAA96E27298C67005B0586 /* LightsDetection */ = {
			isa = XCSwiftPackageProductDependency;
			package = D8DAA96D27298C67005B0586 /* XCRemoteSwiftPackageReference "LightSymbolsRecognition" */;
			productName = LightsDetection;
		};
/* End XCSwiftPackageProductDependency section */

/* Begin XCVersionGroup section */
		6E0FBB5A26F8A73C00C762B7 /* Model.xcdatamodeld */ = {
			isa = XCVersionGroup;
			children = (
				6E0FBB5B26F8A73C00C762B7 /* Model.xcdatamodel */,
			);
			currentVersion = 6E0FBB5B26F8A73C00C762B7 /* Model.xcdatamodel */;
			path = Model.xcdatamodeld;
			sourceTree = "<group>";
			versionGroupType = wrapper.xcdatamodel;
		};
		6EE2084026F0DE17007889EF /* Model.xcdatamodeld */ = {
			isa = XCVersionGroup;
			children = (
				6EE2084126F0DE17007889EF /* Model.xcdatamodel */,
			);
			currentVersion = 6EE2084126F0DE17007889EF /* Model.xcdatamodel */;
			path = Model.xcdatamodeld;
			sourceTree = "<group>";
			versionGroupType = wrapper.xcdatamodel;
		};
/* End XCVersionGroup section */
	};
	rootObject = EFE12CD126EF76E4005FB2B2 /* Project object */;
}
